
Microsoft Visual Studio Solution File, Format Version 12.00
# Visual Studio Version 17
VisualStudioVersion = 17.6.33815.320
MinimumVisualStudioVersion = 10.0.40219.1
Project("{FAE04EC0-301F-11D3-BF4B-00C04F79EFBC}") = "CASPAR", "CASPAR.csproj", "{8A3C0DE4-32FA-4C9B-B83B-F5601D3A7CB0}"
EndProject
Global
	GlobalSection(SolutionConfigurationPlatforms) = preSolution
		Debug|Any CPU = Debug|Any CPU
		Release|Any CPU = Release|Any CPU
	EndGlobalSection
	GlobalSection(ProjectConfigurationPlatforms) = postSolution
		{8A3C0DE4-32FA-4C9B-B83B-F5601D3A7CB0}.Debug|Any CPU.ActiveCfg = Debug|Any CPU
		{8A3C0DE4-32FA-4C9B-B83B-F5601D3A7CB0}.Debug|Any CPU.Build.0 = Debug|Any CPU
		{8A3C0DE4-32FA-4C9B-B83B-F5601D3A7CB0}.Release|Any CPU.ActiveCfg = Release|Any CPU
		{8A3C0DE4-32FA-4C9B-B83B-F5601D3A7CB0}.Release|Any CPU.Build.0 = Release|Any CPU
	EndGlobalSection
	GlobalSection(SolutionProperties) = preSolution
		HideSolutionNode = FALSE
	EndGlobalSection
	GlobalSection(ExtensibilityGlobals) = postSolution
		SolutionGuid = {E0F53251-19F7-42E9-9AA4-626133AA9AA4}
	EndGlobalSection
EndGlobal
